
Microsoft Visual Studio Solution File, Format Version 12.00
# Visual Studio Version 16
VisualStudioVersion = 16.0.29409.12
MinimumVisualStudioVersion = 10.0.40219.1
Project("{FAE04EC0-301F-11D3-BF4B-00C04F79EFBC}") = "G", "G\G.csproj", "{D021E244-8277-4BDF-9126-873BABED3B2A}"
EndProject
Global
	GlobalSection(SolutionConfigurationPlatforms) = preSolution
		Debug|Any CPU = Debug|Any CPU
		Release|Any CPU = Release|Any CPU
	EndGlobalSection
	GlobalSection(ProjectConfigurationPlatforms) = postSolution
		{D021E244-8277-4BDF-9126-873BABED3B2A}.Debug|Any CPU.ActiveCfg = Debug|Any CPU
		{D021E244-8277-4BDF-9126-873BABED3B2A}.Debug|Any CPU.Build.0 = Debug|Any CPU
		{D021E244-8277-4BDF-9126-873BABED3B2A}.Release|Any CPU.ActiveCfg = Release|Any CPU
		{D021E244-8277-4BDF-9126-873BABED3B2A}.Release|Any CPU.Build.0 = Release|Any CPU
	EndGlobalSection
	GlobalSection(SolutionProperties) = preSolution
		HideSolutionNode = FALSE
	EndGlobalSection
	GlobalSection(ExtensibilityGlobals) = postSolution
		SolutionGuid = {3B7CED73-5D4B-44F5-9C6B-5D5BD7885082}
	EndGlobalSection
EndGlobal
